// !$*UTF8*$!
{
	archiveVersion = 1;
	classes = {
	};
	objectVersion = 55;
	objects = {

/* Begin PBXBuildFile section */
		A816BA9E281B68FD00B45A83 /* AuthService.swift in Sources */ = {isa = PBXBuildFile; fileRef = A816BA9D281B68FD00B45A83 /* AuthService.swift */; };
		A816BAA0281B6F3900B45A83 /* AuthDTO.swift in Sources */ = {isa = PBXBuildFile; fileRef = A816BA9F281B6F3900B45A83 /* AuthDTO.swift */; };
		A8311AA328196E4D00FD6268 /* LoginModalView.swift in Sources */ = {isa = PBXBuildFile; fileRef = A8311AA228196E4D00FD6268 /* LoginModalView.swift */; };
		A8311AA528197BFB00FD6268 /* UserInput.swift in Sources */ = {isa = PBXBuildFile; fileRef = A8311AA428197BFB00FD6268 /* UserInput.swift */; };
		A8311AA928197CC400FD6268 /* UserInputView.swift in Sources */ = {isa = PBXBuildFile; fileRef = A8311AA828197CC400FD6268 /* UserInputView.swift */; };
		A8729C4A281D27230007761E /* SignInInput.swift in Sources */ = {isa = PBXBuildFile; fileRef = A8729C49281D27230007761E /* SignInInput.swift */; };
		A8729C4C281D760E0007761E /* CustomRequest.swift in Sources */ = {isa = PBXBuildFile; fileRef = A8729C4B281D760E0007761E /* CustomRequest.swift */; };
		A8729C4E281E86FB0007761E /* UserDefaultEnv.swift in Sources */ = {isa = PBXBuildFile; fileRef = A8729C4D281E86FB0007761E /* UserDefaultEnv.swift */; };
		A8729C50281E91810007761E /* ServiceDI.swift in Sources */ = {isa = PBXBuildFile; fileRef = A8729C4F281E91810007761E /* ServiceDI.swift */; };
		A8729C52281F61380007761E /* UserInfo.swift in Sources */ = {isa = PBXBuildFile; fileRef = A8729C51281F61380007761E /* UserInfo.swift */; };
		A8C34F8E2819377B00FC9B67 /* ButtonView.swift in Sources */ = {isa = PBXBuildFile; fileRef = A8C34F8D2819377B00FC9B67 /* ButtonView.swift */; };
		A8F2F7D92818E26B008EDC94 /* NC1_AuthApp.swift in Sources */ = {isa = PBXBuildFile; fileRef = A8F2F7D82818E26B008EDC94 /* NC1_AuthApp.swift */; };
		A8F2F7DB2818E26B008EDC94 /* ContentView.swift in Sources */ = {isa = PBXBuildFile; fileRef = A8F2F7DA2818E26B008EDC94 /* ContentView.swift */; };
		A8F2F7DD2818E26C008EDC94 /* Assets.xcassets in Resources */ = {isa = PBXBuildFile; fileRef = A8F2F7DC2818E26C008EDC94 /* Assets.xcassets */; };
		A8F2F7E02818E26C008EDC94 /* Preview Assets.xcassets in Resources */ = {isa = PBXBuildFile; fileRef = A8F2F7DF2818E26C008EDC94 /* Preview Assets.xcassets */; };
		A8F2F7EA2818E26C008EDC94 /* NC1_AuthTests.swift in Sources */ = {isa = PBXBuildFile; fileRef = A8F2F7E92818E26C008EDC94 /* NC1_AuthTests.swift */; };
		A8F2F7F42818E26C008EDC94 /* NC1_AuthUITests.swift in Sources */ = {isa = PBXBuildFile; fileRef = A8F2F7F32818E26C008EDC94 /* NC1_AuthUITests.swift */; };
		A8F2F7F62818E26C008EDC94 /* NC1_AuthUITestsLaunchTests.swift in Sources */ = {isa = PBXBuildFile; fileRef = A8F2F7F52818E26C008EDC94 /* NC1_AuthUITestsLaunchTests.swift */; };
		A8F2F8032818E2CE008EDC94 /* MainView.swift in Sources */ = {isa = PBXBuildFile; fileRef = A8F2F8022818E2CE008EDC94 /* MainView.swift */; };
		A8F2F8052818E316008EDC94 /* VisitorView.swift in Sources */ = {isa = PBXBuildFile; fileRef = A8F2F8042818E316008EDC94 /* VisitorView.swift */; };
		A8F2F8072818E458008EDC94 /* AuthState.swift in Sources */ = {isa = PBXBuildFile; fileRef = A8F2F8062818E458008EDC94 /* AuthState.swift */; };
		A8F2F8092818E4EE008EDC94 /* EmptyView.swift in Sources */ = {isa = PBXBuildFile; fileRef = A8F2F8082818E4EE008EDC94 /* EmptyView.swift */; };
		A8F2F80E2818E72B008EDC94 /* AuthViewProvider.swift in Sources */ = {isa = PBXBuildFile; fileRef = A8F2F80D2818E72B008EDC94 /* AuthViewProvider.swift */; };
/* End PBXBuildFile section */

/* Begin PBXContainerItemProxy section */
		A8F2F7E62818E26C008EDC94 /* PBXContainerItemProxy */ = {
			isa = PBXContainerItemProxy;
			containerPortal = A8F2F7CD2818E26B008EDC94 /* Project object */;
			proxyType = 1;
			remoteGlobalIDString = A8F2F7D42818E26B008EDC94;
			remoteInfo = "NC1-Auth";
		};
		A8F2F7F02818E26C008EDC94 /* PBXContainerItemProxy */ = {
			isa = PBXContainerItemProxy;
			containerPortal = A8F2F7CD2818E26B008EDC94 /* Project object */;
			proxyType = 1;
			remoteGlobalIDString = A8F2F7D42818E26B008EDC94;
			remoteInfo = "NC1-Auth";
		};
/* End PBXContainerItemProxy section */

/* Begin PBXFileReference section */
		A816BA9D281B68FD00B45A83 /* AuthService.swift */ = {isa = PBXFileReference; lastKnownFileType = sourcecode.swift; path = AuthService.swift; sourceTree = "<group>"; };
		A816BA9F281B6F3900B45A83 /* AuthDTO.swift */ = {isa = PBXFileReference; lastKnownFileType = sourcecode.swift; path = AuthDTO.swift; sourceTree = "<group>"; };
		A8311AA228196E4D00FD6268 /* LoginModalView.swift */ = {isa = PBXFileReference; lastKnownFileType = sourcecode.swift; path = LoginModalView.swift; sourceTree = "<group>"; };
		A8311AA428197BFB00FD6268 /* UserInput.swift */ = {isa = PBXFileReference; lastKnownFileType = sourcecode.swift; path = UserInput.swift; sourceTree = "<group>"; };
		A8311AA828197CC400FD6268 /* UserInputView.swift */ = {isa = PBXFileReference; lastKnownFileType = sourcecode.swift; path = UserInputView.swift; sourceTree = "<group>"; };
		A8729C49281D27230007761E /* SignInInput.swift */ = {isa = PBXFileReference; lastKnownFileType = sourcecode.swift; path = SignInInput.swift; sourceTree = "<group>"; };
		A8729C4B281D760E0007761E /* CustomRequest.swift */ = {isa = PBXFileReference; lastKnownFileType = sourcecode.swift; path = CustomRequest.swift; sourceTree = "<group>"; };
		A8729C4D281E86FB0007761E /* UserDefaultEnv.swift */ = {isa = PBXFileReference; lastKnownFileType = sourcecode.swift; path = UserDefaultEnv.swift; sourceTree = "<group>"; };
		A8729C4F281E91810007761E /* ServiceDI.swift */ = {isa = PBXFileReference; lastKnownFileType = sourcecode.swift; path = ServiceDI.swift; sourceTree = "<group>"; };
		A8729C51281F61380007761E /* UserInfo.swift */ = {isa = PBXFileReference; lastKnownFileType = sourcecode.swift; path = UserInfo.swift; sourceTree = "<group>"; };
		A8C34F8D2819377B00FC9B67 /* ButtonView.swift */ = {isa = PBXFileReference; lastKnownFileType = sourcecode.swift; path = ButtonView.swift; sourceTree = "<group>"; };
		A8F2F7D52818E26B008EDC94 /* NC1-Auth.app */ = {isa = PBXFileReference; explicitFileType = wrapper.application; includeInIndex = 0; path = "NC1-Auth.app"; sourceTree = BUILT_PRODUCTS_DIR; };
		A8F2F7D82818E26B008EDC94 /* NC1_AuthApp.swift */ = {isa = PBXFileReference; lastKnownFileType = sourcecode.swift; path = NC1_AuthApp.swift; sourceTree = "<group>"; };
		A8F2F7DA2818E26B008EDC94 /* ContentView.swift */ = {isa = PBXFileReference; lastKnownFileType = sourcecode.swift; path = ContentView.swift; sourceTree = "<group>"; };
		A8F2F7DC2818E26C008EDC94 /* Assets.xcassets */ = {isa = PBXFileReference; lastKnownFileType = folder.assetcatalog; path = Assets.xcassets; sourceTree = "<group>"; };
		A8F2F7DF2818E26C008EDC94 /* Preview Assets.xcassets */ = {isa = PBXFileReference; lastKnownFileType = folder.assetcatalog; path = "Preview Assets.xcassets"; sourceTree = "<group>"; };
		A8F2F7E52818E26C008EDC94 /* NC1-AuthTests.xctest */ = {isa = PBXFileReference; explicitFileType = wrapper.cfbundle; includeInIndex = 0; path = "NC1-AuthTests.xctest"; sourceTree = BUILT_PRODUCTS_DIR; };
		A8F2F7E92818E26C008EDC94 /* NC1_AuthTests.swift */ = {isa = PBXFileReference; lastKnownFileType = sourcecode.swift; path = NC1_AuthTests.swift; sourceTree = "<group>"; };
		A8F2F7EF2818E26C008EDC94 /* NC1-AuthUITests.xctest */ = {isa = PBXFileReference; explicitFileType = wrapper.cfbundle; includeInIndex = 0; path = "NC1-AuthUITests.xctest"; sourceTree = BUILT_PRODUCTS_DIR; };
		A8F2F7F32818E26C008EDC94 /* NC1_AuthUITests.swift */ = {isa = PBXFileReference; lastKnownFileType = sourcecode.swift; path = NC1_AuthUITests.swift; sourceTree = "<group>"; };
		A8F2F7F52818E26C008EDC94 /* NC1_AuthUITestsLaunchTests.swift */ = {isa = PBXFileReference; lastKnownFileType = sourcecode.swift; path = NC1_AuthUITestsLaunchTests.swift; sourceTree = "<group>"; };
		A8F2F8022818E2CE008EDC94 /* MainView.swift */ = {isa = PBXFileReference; lastKnownFileType = sourcecode.swift; path = MainView.swift; sourceTree = "<group>"; };
		A8F2F8042818E316008EDC94 /* VisitorView.swift */ = {isa = PBXFileReference; lastKnownFileType = sourcecode.swift; path = VisitorView.swift; sourceTree = "<group>"; };
		A8F2F8062818E458008EDC94 /* AuthState.swift */ = {isa = PBXFileReference; lastKnownFileType = sourcecode.swift; path = AuthState.swift; sourceTree = "<group>"; };
		A8F2F8082818E4EE008EDC94 /* EmptyView.swift */ = {isa = PBXFileReference; lastKnownFileType = sourcecode.swift; path = EmptyView.swift; sourceTree = "<group>"; };
		A8F2F80D2818E72B008EDC94 /* AuthViewProvider.swift */ = {isa = PBXFileReference; lastKnownFileType = sourcecode.swift; path = AuthViewProvider.swift; sourceTree = "<group>"; };
/* End PBXFileReference section */

/* Begin PBXFrameworksBuildPhase section */
		A8F2F7D22818E26B008EDC94 /* Frameworks */ = {
			isa = PBXFrameworksBuildPhase;
			buildActionMask = 2147483647;
			files = (
			);
			runOnlyForDeploymentPostprocessing = 0;
		};
		A8F2F7E22818E26C008EDC94 /* Frameworks */ = {
			isa = PBXFrameworksBuildPhase;
			buildActionMask = 2147483647;
			files = (
			);
			runOnlyForDeploymentPostprocessing = 0;
		};
		A8F2F7EC2818E26C008EDC94 /* Frameworks */ = {
			isa = PBXFrameworksBuildPhase;
			buildActionMask = 2147483647;
			files = (
			);
			runOnlyForDeploymentPostprocessing = 0;
		};
/* End PBXFrameworksBuildPhase section */

/* Begin PBXGroup section */
		A8311A9F28195A1600FD6268 /* Models */ = {
			isa = PBXGroup;
			children = (
				A8311AA428197BFB00FD6268 /* UserInput.swift */,
				A816BA9F281B6F3900B45A83 /* AuthDTO.swift */,
				A8729C49281D27230007761E /* SignInInput.swift */,
			);
			path = Models;
			sourceTree = "<group>";
		};
		A8423E94281A2BFC0043186E /* Services */ = {
			isa = PBXGroup;
			children = (
				A816BA9D281B68FD00B45A83 /* AuthService.swift */,
				A8729C4B281D760E0007761E /* CustomRequest.swift */,
				A8729C4D281E86FB0007761E /* UserDefaultEnv.swift */,
				A8729C4F281E91810007761E /* ServiceDI.swift */,
			);
			path = Services;
			sourceTree = "<group>";
		};
		A8F2F7CC2818E26B008EDC94 = {
			isa = PBXGroup;
			children = (
				A8F2F7D72818E26B008EDC94 /* NC1-Auth */,
				A8F2F7E82818E26C008EDC94 /* NC1-AuthTests */,
				A8F2F7F22818E26C008EDC94 /* NC1-AuthUITests */,
				A8F2F7D62818E26B008EDC94 /* Products */,
			);
			sourceTree = "<group>";
		};
		A8F2F7D62818E26B008EDC94 /* Products */ = {
			isa = PBXGroup;
			children = (
				A8F2F7D52818E26B008EDC94 /* NC1-Auth.app */,
				A8F2F7E52818E26C008EDC94 /* NC1-AuthTests.xctest */,
				A8F2F7EF2818E26C008EDC94 /* NC1-AuthUITests.xctest */,
			);
			name = Products;
			sourceTree = "<group>";
		};
		A8F2F7D72818E26B008EDC94 /* NC1-Auth */ = {
			isa = PBXGroup;
			children = (
				A8423E94281A2BFC0043186E /* Services */,
				A8311A9F28195A1600FD6268 /* Models */,
				A8F2F80C2818E721008EDC94 /* ViewProvider */,
				A8F2F80B2818E716008EDC94 /* States */,
				A8F2F80A2818E703008EDC94 /* Views */,
				A8F2F7D82818E26B008EDC94 /* NC1_AuthApp.swift */,
				A8F2F7DA2818E26B008EDC94 /* ContentView.swift */,
				A8F2F7DC2818E26C008EDC94 /* Assets.xcassets */,
				A8F2F7DE2818E26C008EDC94 /* Preview Content */,
			);
			path = "NC1-Auth";
			sourceTree = "<group>";
		};
		A8F2F7DE2818E26C008EDC94 /* Preview Content */ = {
			isa = PBXGroup;
			children = (
				A8F2F7DF2818E26C008EDC94 /* Preview Assets.xcassets */,
			);
			path = "Preview Content";
			sourceTree = "<group>";
		};
		A8F2F7E82818E26C008EDC94 /* NC1-AuthTests */ = {
			isa = PBXGroup;
			children = (
				A8F2F7E92818E26C008EDC94 /* NC1_AuthTests.swift */,
			);
			path = "NC1-AuthTests";
			sourceTree = "<group>";
		};
		A8F2F7F22818E26C008EDC94 /* NC1-AuthUITests */ = {
			isa = PBXGroup;
			children = (
				A8F2F7F32818E26C008EDC94 /* NC1_AuthUITests.swift */,
				A8F2F7F52818E26C008EDC94 /* NC1_AuthUITestsLaunchTests.swift */,
			);
			path = "NC1-AuthUITests";
			sourceTree = "<group>";
		};
		A8F2F80A2818E703008EDC94 /* Views */ = {
			isa = PBXGroup;
			children = (
				A8F2F8022818E2CE008EDC94 /* MainView.swift */,
				A8F2F8042818E316008EDC94 /* VisitorView.swift */,
				A8F2F8082818E4EE008EDC94 /* EmptyView.swift */,
				A8C34F8D2819377B00FC9B67 /* ButtonView.swift */,
				A8311AA228196E4D00FD6268 /* LoginModalView.swift */,
				A8311AA828197CC400FD6268 /* UserInputView.swift */,
			);
			path = Views;
			sourceTree = "<group>";
		};
		A8F2F80B2818E716008EDC94 /* States */ = {
			isa = PBXGroup;
			children = (
				A8F2F8062818E458008EDC94 /* AuthState.swift */,
				A8729C51281F61380007761E /* UserInfo.swift */,
			);
			path = States;
			sourceTree = "<group>";
		};
		A8F2F80C2818E721008EDC94 /* ViewProvider */ = {
			isa = PBXGroup;
			children = (
				A8F2F80D2818E72B008EDC94 /* AuthViewProvider.swift */,
			);
			path = ViewProvider;
			sourceTree = "<group>";
		};
/* End PBXGroup section */

/* Begin PBXNativeTarget section */
		A8F2F7D42818E26B008EDC94 /* NC1-Auth */ = {
			isa = PBXNativeTarget;
			buildConfigurationList = A8F2F7F92818E26C008EDC94 /* Build configuration list for PBXNativeTarget "NC1-Auth" */;
			buildPhases = (
				A8F2F7D12818E26B008EDC94 /* Sources */,
				A8F2F7D22818E26B008EDC94 /* Frameworks */,
				A8F2F7D32818E26B008EDC94 /* Resources */,
			);
			buildRules = (
			);
			dependencies = (
			);
			name = "NC1-Auth";
			productName = "NC1-Auth";
			productReference = A8F2F7D52818E26B008EDC94 /* NC1-Auth.app */;
			productType = "com.apple.product-type.application";
		};
		A8F2F7E42818E26C008EDC94 /* NC1-AuthTests */ = {
			isa = PBXNativeTarget;
			buildConfigurationList = A8F2F7FC2818E26C008EDC94 /* Build configuration list for PBXNativeTarget "NC1-AuthTests" */;
			buildPhases = (
				A8F2F7E12818E26C008EDC94 /* Sources */,
				A8F2F7E22818E26C008EDC94 /* Frameworks */,
				A8F2F7E32818E26C008EDC94 /* Resources */,
			);
			buildRules = (
			);
			dependencies = (
				A8F2F7E72818E26C008EDC94 /* PBXTargetDependency */,
			);
			name = "NC1-AuthTests";
			productName = "NC1-AuthTests";
			productReference = A8F2F7E52818E26C008EDC94 /* NC1-AuthTests.xctest */;
			productType = "com.apple.product-type.bundle.unit-test";
		};
		A8F2F7EE2818E26C008EDC94 /* NC1-AuthUITests */ = {
			isa = PBXNativeTarget;
			buildConfigurationList = A8F2F7FF2818E26C008EDC94 /* Build configuration list for PBXNativeTarget "NC1-AuthUITests" */;
			buildPhases = (
				A8F2F7EB2818E26C008EDC94 /* Sources */,
				A8F2F7EC2818E26C008EDC94 /* Frameworks */,
				A8F2F7ED2818E26C008EDC94 /* Resources */,
			);
			buildRules = (
			);
			dependencies = (
				A8F2F7F12818E26C008EDC94 /* PBXTargetDependency */,
			);
			name = "NC1-AuthUITests";
			productName = "NC1-AuthUITests";
			productReference = A8F2F7EF2818E26C008EDC94 /* NC1-AuthUITests.xctest */;
			productType = "com.apple.product-type.bundle.ui-testing";
		};
/* End PBXNativeTarget section */

/* Begin PBXProject section */
		A8F2F7CD2818E26B008EDC94 /* Project object */ = {
			isa = PBXProject;
			attributes = {
				BuildIndependentTargetsInParallel = 1;
				LastSwiftUpdateCheck = 1330;
				LastUpgradeCheck = 1330;
				TargetAttributes = {
					A8F2F7D42818E26B008EDC94 = {
						CreatedOnToolsVersion = 13.3.1;
					};
					A8F2F7E42818E26C008EDC94 = {
						CreatedOnToolsVersion = 13.3.1;
						TestTargetID = A8F2F7D42818E26B008EDC94;
					};
					A8F2F7EE2818E26C008EDC94 = {
						CreatedOnToolsVersion = 13.3.1;
						TestTargetID = A8F2F7D42818E26B008EDC94;
					};
				};
			};
			buildConfigurationList = A8F2F7D02818E26B008EDC94 /* Build configuration list for PBXProject "NC1-Auth" */;
			compatibilityVersion = "Xcode 13.0";
			developmentRegion = en;
			hasScannedForEncodings = 0;
			knownRegions = (
				en,
				Base,
			);
			mainGroup = A8F2F7CC2818E26B008EDC94;
			productRefGroup = A8F2F7D62818E26B008EDC94 /* Products */;
			projectDirPath = "";
			projectRoot = "";
			targets = (
				A8F2F7D42818E26B008EDC94 /* NC1-Auth */,
				A8F2F7E42818E26C008EDC94 /* NC1-AuthTests */,
				A8F2F7EE2818E26C008EDC94 /* NC1-AuthUITests */,
			);
		};
/* End PBXProject section */

/* Begin PBXResourcesBuildPhase section */
		A8F2F7D32818E26B008EDC94 /* Resources */ = {
			isa = PBXResourcesBuildPhase;
			buildActionMask = 2147483647;
			files = (
				A8F2F7E02818E26C008EDC94 /* Preview Assets.xcassets in Resources */,
				A8F2F7DD2818E26C008EDC94 /* Assets.xcassets in Resources */,
			);
			runOnlyForDeploymentPostprocessing = 0;
		};
		A8F2F7E32818E26C008EDC94 /* Resources */ = {
			isa = PBXResourcesBuildPhase;
			buildActionMask = 2147483647;
			files = (
			);
			runOnlyForDeploymentPostprocessing = 0;
		};
		A8F2F7ED2818E26C008EDC94 /* Resources */ = {
			isa = PBXResourcesBuildPhase;
			buildActionMask = 2147483647;
			files = (
			);
			runOnlyForDeploymentPostprocessing = 0;
		};
/* End PBXResourcesBuildPhase section */

/* Begin PBXSourcesBuildPhase section */
		A8F2F7D12818E26B008EDC94 /* Sources */ = {
			isa = PBXSourcesBuildPhase;
			buildActionMask = 2147483647;
			files = (
				A8F2F7DB2818E26B008EDC94 /* ContentView.swift in Sources */,
				A8729C4A281D27230007761E /* SignInInput.swift in Sources */,
				A8729C4C281D760E0007761E /* CustomRequest.swift in Sources */,
				A8F2F8032818E2CE008EDC94 /* MainView.swift in Sources */,
				A8F2F8072818E458008EDC94 /* AuthState.swift in Sources */,
				A8311AA528197BFB00FD6268 /* UserInput.swift in Sources */,
				A8311AA928197CC400FD6268 /* UserInputView.swift in Sources */,
				A8C34F8E2819377B00FC9B67 /* ButtonView.swift in Sources */,
				A8729C50281E91810007761E /* ServiceDI.swift in Sources */,
				A816BA9E281B68FD00B45A83 /* AuthService.swift in Sources */,
				A816BAA0281B6F3900B45A83 /* AuthDTO.swift in Sources */,
				A8F2F7D92818E26B008EDC94 /* NC1_AuthApp.swift in Sources */,
				A8F2F8092818E4EE008EDC94 /* EmptyView.swift in Sources */,
				A8311AA328196E4D00FD6268 /* LoginModalView.swift in Sources */,
				A8F2F8052818E316008EDC94 /* VisitorView.swift in Sources */,
				A8729C4E281E86FB0007761E /* UserDefaultEnv.swift in Sources */,
				A8729C52281F61380007761E /* UserInfo.swift in Sources */,
				A8F2F80E2818E72B008EDC94 /* AuthViewProvider.swift in Sources */,
			);
			runOnlyForDeploymentPostprocessing = 0;
		};
		A8F2F7E12818E26C008EDC94 /* Sources */ = {
			isa = PBXSourcesBuildPhase;
			buildActionMask = 2147483647;
			files = (
				A8F2F7EA2818E26C008EDC94 /* NC1_AuthTests.swift in Sources */,
			);
			runOnlyForDeploymentPostprocessing = 0;
		};
		A8F2F7EB2818E26C008EDC94 /* Sources */ = {
			isa = PBXSourcesBuildPhase;
			buildActionMask = 2147483647;
			files = (
				A8F2F7F62818E26C008EDC94 /* NC1_AuthUITestsLaunchTests.swift in Sources */,
				A8F2F7F42818E26C008EDC94 /* NC1_AuthUITests.swift in Sources */,
			);
			runOnlyForDeploymentPostprocessing = 0;
		};
/* End PBXSourcesBuildPhase section */

/* Begin PBXTargetDependency section */
		A8F2F7E72818E26C008EDC94 /* PBXTargetDependency */ = {
			isa = PBXTargetDependency;
			target = A8F2F7D42818E26B008EDC94 /* NC1-Auth */;
			targetProxy = A8F2F7E62818E26C008EDC94 /* PBXContainerItemProxy */;
		};
		A8F2F7F12818E26C008EDC94 /* PBXTargetDependency */ = {
			isa = PBXTargetDependency;
			target = A8F2F7D42818E26B008EDC94 /* NC1-Auth */;
			targetProxy = A8F2F7F02818E26C008EDC94 /* PBXContainerItemProxy */;
		};
/* End PBXTargetDependency section */

/* Begin XCBuildConfiguration section */
		A8F2F7F72818E26C008EDC94 /* Debug */ = {
			isa = XCBuildConfiguration;
			buildSettings = {
				ALWAYS_SEARCH_USER_PATHS = NO;
				CLANG_ANALYZER_NONNULL = YES;
				CLANG_ANALYZER_NUMBER_OBJECT_CONVERSION = YES_AGGRESSIVE;
				CLANG_CXX_LANGUAGE_STANDARD = "gnu++17";
				CLANG_ENABLE_MODULES = YES;
				CLANG_ENABLE_OBJC_ARC = YES;
				CLANG_ENABLE_OBJC_WEAK = YES;
				CLANG_WARN_BLOCK_CAPTURE_AUTORELEASING = YES;
				CLANG_WARN_BOOL_CONVERSION = YES;
				CLANG_WARN_COMMA = YES;
				CLANG_WARN_CONSTANT_CONVERSION = YES;
				CLANG_WARN_DEPRECATED_OBJC_IMPLEMENTATIONS = YES;
				CLANG_WARN_DIRECT_OBJC_ISA_USAGE = YES_ERROR;
				CLANG_WARN_DOCUMENTATION_COMMENTS = YES;
				CLANG_WARN_EMPTY_BODY = YES;
				CLANG_WARN_ENUM_CONVERSION = YES;
				CLANG_WARN_INFINITE_RECURSION = YES;
				CLANG_WARN_INT_CONVERSION = YES;
				CLANG_WARN_NON_LITERAL_NULL_CONVERSION = YES;
				CLANG_WARN_OBJC_IMPLICIT_RETAIN_SELF = YES;
				CLANG_WARN_OBJC_LITERAL_CONVERSION = YES;
				CLANG_WARN_OBJC_ROOT_CLASS = YES_ERROR;
				CLANG_WARN_QUOTED_INCLUDE_IN_FRAMEWORK_HEADER = YES;
				CLANG_WARN_RANGE_LOOP_ANALYSIS = YES;
				CLANG_WARN_STRICT_PROTOTYPES = YES;
				CLANG_WARN_SUSPICIOUS_MOVE = YES;
				CLANG_WARN_UNGUARDED_AVAILABILITY = YES_AGGRESSIVE;
				CLANG_WARN_UNREACHABLE_CODE = YES;
				CLANG_WARN__DUPLICATE_METHOD_MATCH = YES;
				COPY_PHASE_STRIP = NO;
				DEBUG_INFORMATION_FORMAT = dwarf;
				ENABLE_STRICT_OBJC_MSGSEND = YES;
				ENABLE_TESTABILITY = YES;
				GCC_C_LANGUAGE_STANDARD = gnu11;
				GCC_DYNAMIC_NO_PIC = NO;
				GCC_NO_COMMON_BLOCKS = YES;
				GCC_OPTIMIZATION_LEVEL = 0;
				GCC_PREPROCESSOR_DEFINITIONS = (
					"DEBUG=1",
					"$(inherited)",
				);
				GCC_WARN_64_TO_32_BIT_CONVERSION = YES;
				GCC_WARN_ABOUT_RETURN_TYPE = YES_ERROR;
				GCC_WARN_UNDECLARED_SELECTOR = YES;
				GCC_WARN_UNINITIALIZED_AUTOS = YES_AGGRESSIVE;
				GCC_WARN_UNUSED_FUNCTION = YES;
				GCC_WARN_UNUSED_VARIABLE = YES;
				IPHONEOS_DEPLOYMENT_TARGET = 15.4;
				MTL_ENABLE_DEBUG_INFO = INCLUDE_SOURCE;
				MTL_FAST_MATH = YES;
				ONLY_ACTIVE_ARCH = YES;
				SDKROOT = iphoneos;
				SWIFT_ACTIVE_COMPILATION_CONDITIONS = DEBUG;
				SWIFT_OPTIMIZATION_LEVEL = "-Onone";
			};
			name = Debug;
		};
		A8F2F7F82818E26C008EDC94 /* Release */ = {
			isa = XCBuildConfiguration;
			buildSettings = {
				ALWAYS_SEARCH_USER_PATHS = NO;
				CLANG_ANALYZER_NONNULL = YES;
				CLANG_ANALYZER_NUMBER_OBJECT_CONVERSION = YES_AGGRESSIVE;
				CLANG_CXX_LANGUAGE_STANDARD = "gnu++17";
				CLANG_ENABLE_MODULES = YES;
				CLANG_ENABLE_OBJC_ARC = YES;
				CLANG_ENABLE_OBJC_WEAK = YES;
				CLANG_WARN_BLOCK_CAPTURE_AUTORELEASING = YES;
				CLANG_WARN_BOOL_CONVERSION = YES;
				CLANG_WARN_COMMA = YES;
				CLANG_WARN_CONSTANT_CONVERSION = YES;
				CLANG_WARN_DEPRECATED_OBJC_IMPLEMENTATIONS = YES;
				CLANG_WARN_DIRECT_OBJC_ISA_USAGE = YES_ERROR;
				CLANG_WARN_DOCUMENTATION_COMMENTS = YES;
				CLANG_WARN_EMPTY_BODY = YES;
				CLANG_WARN_ENUM_CONVERSION = YES;
				CLANG_WARN_INFINITE_RECURSION = YES;
				CLANG_WARN_INT_CONVERSION = YES;
				CLANG_WARN_NON_LITERAL_NULL_CONVERSION = YES;
				CLANG_WARN_OBJC_IMPLICIT_RETAIN_SELF = YES;
				CLANG_WARN_OBJC_LITERAL_CONVERSION = YES;
				CLANG_WARN_OBJC_ROOT_CLASS = YES_ERROR;
				CLANG_WARN_QUOTED_INCLUDE_IN_FRAMEWORK_HEADER = YES;
				CLANG_WARN_RANGE_LOOP_ANALYSIS = YES;
				CLANG_WARN_STRICT_PROTOTYPES = YES;
				CLANG_WARN_SUSPICIOUS_MOVE = YES;
				CLANG_WARN_UNGUARDED_AVAILABILITY = YES_AGGRESSIVE;
				CLANG_WARN_UNREACHABLE_CODE = YES;
				CLANG_WARN__DUPLICATE_METHOD_MATCH = YES;
				COPY_PHASE_STRIP = NO;
				DEBUG_INFORMATION_FORMAT = "dwarf-with-dsym";
				ENABLE_NS_ASSERTIONS = NO;
				ENABLE_STRICT_OBJC_MSGSEND = YES;
				GCC_C_LANGUAGE_STANDARD = gnu11;
				GCC_NO_COMMON_BLOCKS = YES;
				GCC_WARN_64_TO_32_BIT_CONVERSION = YES;
				GCC_WARN_ABOUT_RETURN_TYPE = YES_ERROR;
				GCC_WARN_UNDECLARED_SELECTOR = YES;
				GCC_WARN_UNINITIALIZED_AUTOS = YES_AGGRESSIVE;
				GCC_WARN_UNUSED_FUNCTION = YES;
				GCC_WARN_UNUSED_VARIABLE = YES;
				IPHONEOS_DEPLOYMENT_TARGET = 15.4;
				MTL_ENABLE_DEBUG_INFO = NO;
				MTL_FAST_MATH = YES;
				SDKROOT = iphoneos;
				SWIFT_COMPILATION_MODE = wholemodule;
				SWIFT_OPTIMIZATION_LEVEL = "-O";
				VALIDATE_PRODUCT = YES;
			};
			name = Release;
		};
		A8F2F7FA2818E26C008EDC94 /* Debug */ = {
			isa = XCBuildConfiguration;
			buildSettings = {
				ASSETCATALOG_COMPILER_APPICON_NAME = AppIcon;
				ASSETCATALOG_COMPILER_GLOBAL_ACCENT_COLOR_NAME = AccentColor;
				CODE_SIGN_STYLE = Automatic;
				CURRENT_PROJECT_VERSION = 1;
				DEVELOPMENT_ASSET_PATHS = "\"NC1-Auth/Preview Content\"";
				ENABLE_PREVIEWS = YES;
				GENERATE_INFOPLIST_FILE = YES;
				INFOPLIST_KEY_UIApplicationSceneManifest_Generation = YES;
				INFOPLIST_KEY_UIApplicationSupportsIndirectInputEvents = YES;
				INFOPLIST_KEY_UILaunchScreen_Generation = YES;
				INFOPLIST_KEY_UISupportedInterfaceOrientations_iPad = "UIInterfaceOrientationPortrait UIInterfaceOrientationPortraitUpsideDown UIInterfaceOrientationLandscapeLeft UIInterfaceOrientationLandscapeRight";
				INFOPLIST_KEY_UISupportedInterfaceOrientations_iPhone = "UIInterfaceOrientationPortrait UIInterfaceOrientationLandscapeLeft UIInterfaceOrientationLandscapeRight";
				LD_RUNPATH_SEARCH_PATHS = (
					"$(inherited)",
					"@executable_path/Frameworks",
				);
				MARKETING_VERSION = 1.0;
				PRODUCT_BUNDLE_IDENTIFIER = "com.LeoBang.NC1-Auth";
				PRODUCT_NAME = "$(TARGET_NAME)";
				SWIFT_EMIT_LOC_STRINGS = YES;
				SWIFT_VERSION = 5.0;
				TARGETED_DEVICE_FAMILY = "1,2";
			};
			name = Debug;
		};
		A8F2F7FB2818E26C008EDC94 /* Release */ = {
			isa = XCBuildConfiguration;
			buildSettings = {
				ASSETCATALOG_COMPILER_APPICON_NAME = AppIcon;
				ASSETCATALOG_COMPILER_GLOBAL_ACCENT_COLOR_NAME = AccentColor;
				CODE_SIGN_STYLE = Automatic;
				CURRENT_PROJECT_VERSION = 1;
				DEVELOPMENT_ASSET_PATHS = "\"NC1-Auth/Preview Content\"";
				ENABLE_PREVIEWS = YES;
				GENERATE_INFOPLIST_FILE = YES;
				INFOPLIST_KEY_UIApplicationSceneManifest_Generation = YES;
				INFOPLIST_KEY_UIApplicationSupportsIndirectInputEvents = YES;
				INFOPLIST_KEY_UILaunchScreen_Generation = YES;
				INFOPLIST_KEY_UISupportedInterfaceOrientations_iPad = "UIInterfaceOrientationPortrait UIInterfaceOrientationPortraitUpsideDown UIInterfaceOrientationLandscapeLeft UIInterfaceOrientationLandscapeRight";
				INFOPLIST_KEY_UISupportedInterfaceOrientations_iPhone = "UIInterfaceOrientationPortrait UIInterfaceOrientationLandscapeLeft UIInterfaceOrientationLandscapeRight";
				LD_RUNPATH_SEARCH_PATHS = (
					"$(inherited)",
					"@executable_path/Frameworks",
				);
				MARKETING_VERSION = 1.0;
				PRODUCT_BUNDLE_IDENTIFIER = "com.LeoBang.NC1-Auth";
				PRODUCT_NAME = "$(TARGET_NAME)";
				SWIFT_EMIT_LOC_STRINGS = YES;
				SWIFT_VERSION = 5.0;
				TARGETED_DEVICE_FAMILY = "1,2";
			};
			name = Release;
		};
		A8F2F7FD2818E26C008EDC94 /* Debug */ = {
			isa = XCBuildConfiguration;
			buildSettings = {
				ALWAYS_EMBED_SWIFT_STANDARD_LIBRARIES = YES;
				BUNDLE_LOADER = "$(TEST_HOST)";
				CODE_SIGN_STYLE = Automatic;
				CURRENT_PROJECT_VERSION = 1;
				GENERATE_INFOPLIST_FILE = YES;
				IPHONEOS_DEPLOYMENT_TARGET = 15.4;
				MARKETING_VERSION = 1.0;
				PRODUCT_BUNDLE_IDENTIFIER = "com.LeoBang.NC1-AuthTests";
				PRODUCT_NAME = "$(TARGET_NAME)";
				SWIFT_EMIT_LOC_STRINGS = NO;
				SWIFT_VERSION = 5.0;
				TARGETED_DEVICE_FAMILY = "1,2";
				TEST_HOST = "$(BUILT_PRODUCTS_DIR)/NC1-Auth.app/NC1-Auth";
			};
			name = Debug;
		};
		A8F2F7FE2818E26C008EDC94 /* Release */ = {
			isa = XCBuildConfiguration;
			buildSettings = {
				ALWAYS_EMBED_SWIFT_STANDARD_LIBRARIES = YES;
				BUNDLE_LOADER = "$(TEST_HOST)";
				CODE_SIGN_STYLE = Automatic;
				CURRENT_PROJECT_VERSION = 1;
				GENERATE_INFOPLIST_FILE = YES;
				IPHONEOS_DEPLOYMENT_TARGET = 15.4;
				MARKETING_VERSION = 1.0;
				PRODUCT_BUNDLE_IDENTIFIER = "com.LeoBang.NC1-AuthTests";
				PRODUCT_NAME = "$(TARGET_NAME)";
				SWIFT_EMIT_LOC_STRINGS = NO;
				SWIFT_VERSION = 5.0;
				TARGETED_DEVICE_FAMILY = "1,2";
				TEST_HOST = "$(BUILT_PRODUCTS_DIR)/NC1-Auth.app/NC1-Auth";
			};
			name = Release;
		};
		A8F2F8002818E26C008EDC94 /* Debug */ = {
			isa = XCBuildConfiguration;
			buildSettings = {
				ALWAYS_EMBED_SWIFT_STANDARD_LIBRARIES = YES;
				CODE_SIGN_STYLE = Automatic;
				CURRENT_PROJECT_VERSION = 1;
				GENERATE_INFOPLIST_FILE = YES;
				MARKETING_VERSION = 1.0;
				PRODUCT_BUNDLE_IDENTIFIER = "com.LeoBang.NC1-AuthUITests";
				PRODUCT_NAME = "$(TARGET_NAME)";
				SWIFT_EMIT_LOC_STRINGS = NO;
				SWIFT_VERSION = 5.0;
				TARGETED_DEVICE_FAMILY = "1,2";
				TEST_TARGET_NAME = "NC1-Auth";
			};
			name = Debug;
		};
		A8F2F8012818E26C008EDC94 /* Release */ = {
			isa = XCBuildConfiguration;
			buildSettings = {
				ALWAYS_EMBED_SWIFT_STANDARD_LIBRARIES = YES;
				CODE_SIGN_STYLE = Automatic;
				CURRENT_PROJECT_VERSION = 1;
				GENERATE_INFOPLIST_FILE = YES;
				MARKETING_VERSION = 1.0;
				PRODUCT_BUNDLE_IDENTIFIER = "com.LeoBang.NC1-AuthUITests";
				PRODUCT_NAME = "$(TARGET_NAME)";
				SWIFT_EMIT_LOC_STRINGS = NO;
				SWIFT_VERSION = 5.0;
				TARGETED_DEVICE_FAMILY = "1,2";
				TEST_TARGET_NAME = "NC1-Auth";
			};
			name = Release;
		};
/* End XCBuildConfiguration section */

/* Begin XCConfigurationList section */
		A8F2F7D02818E26B008EDC94 /* Build configuration list for PBXProject "NC1-Auth" */ = {
			isa = XCConfigurationList;
			buildConfigurations = (
				A8F2F7F72818E26C008EDC94 /* Debug */,
				A8F2F7F82818E26C008EDC94 /* Release */,
			);
			defaultConfigurationIsVisible = 0;
			defaultConfigurationName = Release;
		};
		A8F2F7F92818E26C008EDC94 /* Build configuration list for PBXNativeTarget "NC1-Auth" */ = {
			isa = XCConfigurationList;
			buildConfigurations = (
				A8F2F7FA2818E26C008EDC94 /* Debug */,
				A8F2F7FB2818E26C008EDC94 /* Release */,
			);
			defaultConfigurationIsVisible = 0;
			defaultConfigurationName = Release;
		};
		A8F2F7FC2818E26C008EDC94 /* Build configuration list for PBXNativeTarget "NC1-AuthTests" */ = {
			isa = XCConfigurationList;
			buildConfigurations = (
				A8F2F7FD2818E26C008EDC94 /* Debug */,
				A8F2F7FE2818E26C008EDC94 /* Release */,
			);
			defaultConfigurationIsVisible = 0;
			defaultConfigurationName = Release;
		};
		A8F2F7FF2818E26C008EDC94 /* Build configuration list for PBXNativeTarget "NC1-AuthUITests" */ = {
			isa = XCConfigurationList;
			buildConfigurations = (
				A8F2F8002818E26C008EDC94 /* Debug */,
				A8F2F8012818E26C008EDC94 /* Release */,
			);
			defaultConfigurationIsVisible = 0;
			defaultConfigurationName = Release;
		};
/* End XCConfigurationList section */
	};
	rootObject = A8F2F7CD2818E26B008EDC94 /* Project object */;
}
